
Microsoft Visual Studio Solution File, Format Version 12.00
# Visual Studio Version 16
VisualStudioVersion = 16.0.30204.135
MinimumVisualStudioVersion = 10.0.40219.1
Project("{FAE04EC0-301F-11D3-BF4B-00C04F79EFBC}") = "StackLayoutForm.Android", "StackLayoutForm.Android\StackLayoutForm.Android.csproj", "{1FCD6DB3-2EBE-4F3A-82FD-90580077E790}"
EndProject
Project("{FAE04EC0-301F-11D3-BF4B-00C04F79EFBC}") = "StackLayoutForm.iOS", "StackLayoutForm.iOS\StackLayoutForm.iOS.csproj", "{C5F2AD8F-513C-46A5-9833-E4F080656D7D}"
EndProject
Project("{FAE04EC0-301F-11D3-BF4B-00C04F79EFBC}") = "StackLayoutForm", "StackLayoutForm\StackLayoutForm.csproj", "{8D09A454-49C8-4063-9709-B1649239BE3E}"
EndProject
Global
	GlobalSection(SolutionConfigurationPlatforms) = preSolution
		Debug|Any CPU = Debug|Any CPU
		Debug|iPhone = Debug|iPhone
		Debug|iPhoneSimulator = Debug|iPhoneSimulator
		Release|Any CPU = Release|Any CPU
		Release|iPhone = Release|iPhone
		Release|iPhoneSimulator = Release|iPhoneSimulator
	EndGlobalSection
	GlobalSection(ProjectConfigurationPlatforms) = postSolution
		{1FCD6DB3-2EBE-4F3A-82FD-90580077E790}.Debug|Any CPU.ActiveCfg = Debug|Any CPU
		{1FCD6DB3-2EBE-4F3A-82FD-90580077E790}.Debug|Any CPU.Build.0 = Debug|Any CPU
		{1FCD6DB3-2EBE-4F3A-82FD-90580077E790}.Debug|Any CPU.Deploy.0 = Debug|Any CPU
		{1FCD6DB3-2EBE-4F3A-82FD-90580077E790}.Debug|iPhone.ActiveCfg = Debug|Any CPU
		{1FCD6DB3-2EBE-4F3A-82FD-90580077E790}.Debug|iPhone.Build.0 = Debug|Any CPU
		{1FCD6DB3-2EBE-4F3A-82FD-90580077E790}.Debug|iPhone.Deploy.0 = Debug|Any CPU
		{1FCD6DB3-2EBE-4F3A-82FD-90580077E790}.Debug|iPhoneSimulator.ActiveCfg = Debug|Any CPU
		{1FCD6DB3-2EBE-4F3A-82FD-90580077E790}.Debug|iPhoneSimulator.Build.0 = Debug|Any CPU
		{1FCD6DB3-2EBE-4F3A-82FD-90580077E790}.Debug|iPhoneSimulator.Deploy.0 = Debug|Any CPU
		{1FCD6DB3-2EBE-4F3A-82FD-90580077E790}.Release|Any CPU.ActiveCfg = Release|Any CPU
		{1FCD6DB3-2EBE-4F3A-82FD-90580077E790}.Release|Any CPU.Build.0 = Release|Any CPU
		{1FCD6DB3-2EBE-4F3A-82FD-90580077E790}.Release|Any CPU.Deploy.0 = Release|Any CPU
		{1FCD6DB3-2EBE-4F3A-82FD-90580077E790}.Release|iPhone.ActiveCfg = Release|Any CPU
		{1FCD6DB3-2EBE-4F3A-82FD-90580077E790}.Release|iPhone.Build.0 = Release|Any CPU
		{1FCD6DB3-2EBE-4F3A-82FD-90580077E790}.Release|iPhone.Deploy.0 = Release|Any CPU
		{1FCD6DB3-2EBE-4F3A-82FD-90580077E790}.Release|iPhoneSimulator.ActiveCfg = Release|Any CPU
		{1FCD6DB3-2EBE-4F3A-82FD-90580077E790}.Release|iPhoneSimulator.Build.0 = Release|Any CPU
		{1FCD6DB3-2EBE-4F3A-82FD-90580077E790}.Release|iPhoneSimulator.Deploy.0 = Release|Any CPU
		{C5F2AD8F-513C-46A5-9833-E4F080656D7D}.Debug|Any CPU.ActiveCfg = Debug|iPhone
		{C5F2AD8F-513C-46A5-9833-E4F080656D7D}.Debug|Any CPU.Build.0 = Debug|iPhone
		{C5F2AD8F-513C-46A5-9833-E4F080656D7D}.Debug|Any CPU.Deploy.0 = Debug|iPhone
		{C5F2AD8F-513C-46A5-9833-E4F080656D7D}.Debug|iPhone.ActiveCfg = Debug|iPhone
		{C5F2AD8F-513C-46A5-9833-E4F080656D7D}.Debug|iPhone.Build.0 = Debug|iPhone
		{C5F2AD8F-513C-46A5-9833-E4F080656D7D}.Debug|iPhone.Deploy.0 = Debug|iPhone
		{C5F2AD8F-513C-46A5-9833-E4F080656D7D}.Debug|iPhoneSimulator.ActiveCfg = Debug|iPhoneSimulator
		{C5F2AD8F-513C-46A5-9833-E4F080656D7D}.Debug|iPhoneSimulator.Build.0 = Debug|iPhoneSimulator
		{C5F2AD8F-513C-46A5-9833-E4F080656D7D}.Debug|iPhoneSimulator.Deploy.0 = Debug|iPhoneSimulator
		{C5F2AD8F-513C-46A5-9833-E4F080656D7D}.Release|Any CPU.ActiveCfg = Release|iPhone
		{C5F2AD8F-513C-46A5-9833-E4F080656D7D}.Release|Any CPU.Build.0 = Release|iPhone
		{C5F2AD8F-513C-46A5-9833-E4F080656D7D}.Release|Any CPU.Deploy.0 = Release|iPhone
		{C5F2AD8F-513C-46A5-9833-E4F080656D7D}.Release|iPhone.ActiveCfg = Release|iPhone
		{C5F2AD8F-513C-46A5-9833-E4F080656D7D}.Release|iPhone.Build.0 = Release|iPhone
		{C5F2AD8F-513C-46A5-9833-E4F080656D7D}.Release|iPhone.Deploy.0 = Release|iPhone
		{C5F2AD8F-513C-46A5-9833-E4F080656D7D}.Release|iPhoneSimulator.ActiveCfg = Release|iPhoneSimulator
		{C5F2AD8F-513C-46A5-9833-E4F080656D7D}.Release|iPhoneSimulator.Build.0 = Release|iPhoneSimulator
		{C5F2AD8F-513C-46A5-9833-E4F080656D7D}.Release|iPhoneSimulator.Deploy.0 = Release|iPhoneSimulator
		{8D09A454-49C8-4063-9709-B1649239BE3E}.Debug|Any CPU.ActiveCfg = Debug|Any CPU
		{8D09A454-49C8-4063-9709-B1649239BE3E}.Debug|Any CPU.Build.0 = Debug|Any CPU
		{8D09A454-49C8-4063-9709-B1649239BE3E}.Debug|Any CPU.Deploy.0 = Debug|Any CPU
		{8D09A454-49C8-4063-9709-B1649239BE3E}.Debug|iPhone.ActiveCfg = Debug|Any CPU
		{8D09A454-49C8-4063-9709-B1649239BE3E}.Debug|iPhone.Build.0 = Debug|Any CPU
		{8D09A454-49C8-4063-9709-B1649239BE3E}.Debug|iPhone.Deploy.0 = Debug|Any CPU
		{8D09A454-49C8-4063-9709-B1649239BE3E}.Debug|iPhoneSimulator.ActiveCfg = Debug|Any CPU
		{8D09A454-49C8-4063-9709-B1649239BE3E}.Debug|iPhoneSimulator.Build.0 = Debug|Any CPU
		{8D09A454-49C8-4063-9709-B1649239BE3E}.Debug|iPhoneSimulator.Deploy.0 = Debug|Any CPU
		{8D09A454-49C8-4063-9709-B1649239BE3E}.Release|Any CPU.ActiveCfg = Release|Any CPU
		{8D09A454-49C8-4063-9709-B1649239BE3E}.Release|Any CPU.Build.0 = Release|Any CPU
		{8D09A454-49C8-4063-9709-B1649239BE3E}.Release|Any CPU.Deploy.0 = Release|Any CPU
		{8D09A454-49C8-4063-9709-B1649239BE3E}.Release|iPhone.ActiveCfg = Release|Any CPU
		{8D09A454-49C8-4063-9709-B1649239BE3E}.Release|iPhone.Build.0 = Release|Any CPU
		{8D09A454-49C8-4063-9709-B1649239BE3E}.Release|iPhone.Deploy.0 = Release|Any CPU
		{8D09A454-49C8-4063-9709-B1649239BE3E}.Release|iPhoneSimulator.ActiveCfg = Release|Any CPU
		{8D09A454-49C8-4063-9709-B1649239BE3E}.Release|iPhoneSimulator.Build.0 = Release|Any CPU
		{8D09A454-49C8-4063-9709-B1649239BE3E}.Release|iPhoneSimulator.Deploy.0 = Release|Any CPU
	EndGlobalSection
	GlobalSection(SolutionProperties) = preSolution
		HideSolutionNode = FALSE
	EndGlobalSection
	GlobalSection(ExtensibilityGlobals) = postSolution
		SolutionGuid = {C65E2349-8E16-4C6B-A7CC-C9B4298B44AD}
	EndGlobalSection
EndGlobal
