
Microsoft Visual Studio Solution File, Format Version 12.00
# Visual Studio Version 16
VisualStudioVersion = 16.0.29215.179
MinimumVisualStudioVersion = 10.0.40219.1
Project("{FAE04EC0-301F-11D3-BF4B-00C04F79EFBC}") = "DemoCamara.UWP", "DemoCamara\DemoCamara.UWP\DemoCamara.UWP.csproj", "{9C8FF0E8-FE50-48F8-8602-112DE06DFF3A}"
EndProject
Project("{FAE04EC0-301F-11D3-BF4B-00C04F79EFBC}") = "DemoCamara.Android", "DemoCamara\DemoCamara.Android\DemoCamara.Android.csproj", "{3FC6598C-C40E-4510-AAC6-58FCEE3AEF5A}"
EndProject
Project("{FAE04EC0-301F-11D3-BF4B-00C04F79EFBC}") = "DemoCamara.iOS", "DemoCamara\DemoCamara.iOS\DemoCamara.iOS.csproj", "{222B6963-A4C0-4C8A-B337-990DF4CB9E40}"
EndProject
Project("{FAE04EC0-301F-11D3-BF4B-00C04F79EFBC}") = "DemoCamara", "DemoCamara\DemoCamara\DemoCamara.csproj", "{5009883A-0DF1-4097-9C93-4C3FB968DCC0}"
EndProject
Global
	GlobalSection(SolutionConfigurationPlatforms) = preSolution
		Debug|Any CPU = Debug|Any CPU
		Debug|ARM = Debug|ARM
		Debug|iPhone = Debug|iPhone
		Debug|iPhoneSimulator = Debug|iPhoneSimulator
		Debug|x64 = Debug|x64
		Debug|x86 = Debug|x86
		Release|Any CPU = Release|Any CPU
		Release|ARM = Release|ARM
		Release|iPhone = Release|iPhone
		Release|iPhoneSimulator = Release|iPhoneSimulator
		Release|x64 = Release|x64
		Release|x86 = Release|x86
	EndGlobalSection
	GlobalSection(ProjectConfigurationPlatforms) = postSolution
		{9C8FF0E8-FE50-48F8-8602-112DE06DFF3A}.Debug|Any CPU.ActiveCfg = Debug|x86
		{9C8FF0E8-FE50-48F8-8602-112DE06DFF3A}.Debug|Any CPU.Build.0 = Debug|x86
		{9C8FF0E8-FE50-48F8-8602-112DE06DFF3A}.Debug|Any CPU.Deploy.0 = Debug|x86
		{9C8FF0E8-FE50-48F8-8602-112DE06DFF3A}.Debug|ARM.ActiveCfg = Debug|ARM
		{9C8FF0E8-FE50-48F8-8602-112DE06DFF3A}.Debug|ARM.Build.0 = Debug|ARM
		{9C8FF0E8-FE50-48F8-8602-112DE06DFF3A}.Debug|ARM.Deploy.0 = Debug|ARM
		{9C8FF0E8-FE50-48F8-8602-112DE06DFF3A}.Debug|iPhone.ActiveCfg = Debug|x86
		{9C8FF0E8-FE50-48F8-8602-112DE06DFF3A}.Debug|iPhone.Build.0 = Debug|x86
		{9C8FF0E8-FE50-48F8-8602-112DE06DFF3A}.Debug|iPhone.Deploy.0 = Debug|x86
		{9C8FF0E8-FE50-48F8-8602-112DE06DFF3A}.Debug|iPhoneSimulator.ActiveCfg = Debug|x86
		{9C8FF0E8-FE50-48F8-8602-112DE06DFF3A}.Debug|iPhoneSimulator.Build.0 = Debug|x86
		{9C8FF0E8-FE50-48F8-8602-112DE06DFF3A}.Debug|iPhoneSimulator.Deploy.0 = Debug|x86
		{9C8FF0E8-FE50-48F8-8602-112DE06DFF3A}.Debug|x64.ActiveCfg = Debug|x64
		{9C8FF0E8-FE50-48F8-8602-112DE06DFF3A}.Debug|x64.Build.0 = Debug|x64
		{9C8FF0E8-FE50-48F8-8602-112DE06DFF3A}.Debug|x64.Deploy.0 = Debug|x64
		{9C8FF0E8-FE50-48F8-8602-112DE06DFF3A}.Debug|x86.ActiveCfg = Debug|x86
		{9C8FF0E8-FE50-48F8-8602-112DE06DFF3A}.Debug|x86.Build.0 = Debug|x86
		{9C8FF0E8-FE50-48F8-8602-112DE06DFF3A}.Debug|x86.Deploy.0 = Debug|x86
		{9C8FF0E8-FE50-48F8-8602-112DE06DFF3A}.Release|Any CPU.ActiveCfg = Release|x86
		{9C8FF0E8-FE50-48F8-8602-112DE06DFF3A}.Release|Any CPU.Build.0 = Release|x86
		{9C8FF0E8-FE50-48F8-8602-112DE06DFF3A}.Release|Any CPU.Deploy.0 = Release|x86
		{9C8FF0E8-FE50-48F8-8602-112DE06DFF3A}.Release|ARM.ActiveCfg = Release|ARM
		{9C8FF0E8-FE50-48F8-8602-112DE06DFF3A}.Release|ARM.Build.0 = Release|ARM
		{9C8FF0E8-FE50-48F8-8602-112DE06DFF3A}.Release|ARM.Deploy.0 = Release|ARM
		{9C8FF0E8-FE50-48F8-8602-112DE06DFF3A}.Release|iPhone.ActiveCfg = Release|x86
		{9C8FF0E8-FE50-48F8-8602-112DE06DFF3A}.Release|iPhone.Build.0 = Release|x86
		{9C8FF0E8-FE50-48F8-8602-112DE06DFF3A}.Release|iPhone.Deploy.0 = Release|x86
		{9C8FF0E8-FE50-48F8-8602-112DE06DFF3A}.Release|iPhoneSimulator.ActiveCfg = Release|x86
		{9C8FF0E8-FE50-48F8-8602-112DE06DFF3A}.Release|iPhoneSimulator.Build.0 = Release|x86
		{9C8FF0E8-FE50-48F8-8602-112DE06DFF3A}.Release|iPhoneSimulator.Deploy.0 = Release|x86
		{9C8FF0E8-FE50-48F8-8602-112DE06DFF3A}.Release|x64.ActiveCfg = Release|x64
		{9C8FF0E8-FE50-48F8-8602-112DE06DFF3A}.Release|x64.Build.0 = Release|x64
		{9C8FF0E8-FE50-48F8-8602-112DE06DFF3A}.Release|x64.Deploy.0 = Release|x64
		{9C8FF0E8-FE50-48F8-8602-112DE06DFF3A}.Release|x86.ActiveCfg = Release|x86
		{9C8FF0E8-FE50-48F8-8602-112DE06DFF3A}.Release|x86.Build.0 = Release|x86
		{9C8FF0E8-FE50-48F8-8602-112DE06DFF3A}.Release|x86.Deploy.0 = Release|x86
		{3FC6598C-C40E-4510-AAC6-58FCEE3AEF5A}.Debug|Any CPU.ActiveCfg = Debug|Any CPU
		{3FC6598C-C40E-4510-AAC6-58FCEE3AEF5A}.Debug|Any CPU.Build.0 = Debug|Any CPU
		{3FC6598C-C40E-4510-AAC6-58FCEE3AEF5A}.Debug|Any CPU.Deploy.0 = Debug|Any CPU
		{3FC6598C-C40E-4510-AAC6-58FCEE3AEF5A}.Debug|ARM.ActiveCfg = Debug|Any CPU
		{3FC6598C-C40E-4510-AAC6-58FCEE3AEF5A}.Debug|ARM.Build.0 = Debug|Any CPU
		{3FC6598C-C40E-4510-AAC6-58FCEE3AEF5A}.Debug|ARM.Deploy.0 = Debug|Any CPU
		{3FC6598C-C40E-4510-AAC6-58FCEE3AEF5A}.Debug|iPhone.ActiveCfg = Debug|Any CPU
		{3FC6598C-C40E-4510-AAC6-58FCEE3AEF5A}.Debug|iPhone.Build.0 = Debug|Any CPU
		{3FC6598C-C40E-4510-AAC6-58FCEE3AEF5A}.Debug|iPhone.Deploy.0 = Debug|Any CPU
		{3FC6598C-C40E-4510-AAC6-58FCEE3AEF5A}.Debug|iPhoneSimulator.ActiveCfg = Debug|Any CPU
		{3FC6598C-C40E-4510-AAC6-58FCEE3AEF5A}.Debug|iPhoneSimulator.Build.0 = Debug|Any CPU
		{3FC6598C-C40E-4510-AAC6-58FCEE3AEF5A}.Debug|iPhoneSimulator.Deploy.0 = Debug|Any CPU
		{3FC6598C-C40E-4510-AAC6-58FCEE3AEF5A}.Debug|x64.ActiveCfg = Debug|Any CPU
		{3FC6598C-C40E-4510-AAC6-58FCEE3AEF5A}.Debug|x64.Build.0 = Debug|Any CPU
		{3FC6598C-C40E-4510-AAC6-58FCEE3AEF5A}.Debug|x64.Deploy.0 = Debug|Any CPU
		{3FC6598C-C40E-4510-AAC6-58FCEE3AEF5A}.Debug|x86.ActiveCfg = Debug|Any CPU
		{3FC6598C-C40E-4510-AAC6-58FCEE3AEF5A}.Debug|x86.Build.0 = Debug|Any CPU
		{3FC6598C-C40E-4510-AAC6-58FCEE3AEF5A}.Debug|x86.Deploy.0 = Debug|Any CPU
		{3FC6598C-C40E-4510-AAC6-58FCEE3AEF5A}.Release|Any CPU.ActiveCfg = Release|Any CPU
		{3FC6598C-C40E-4510-AAC6-58FCEE3AEF5A}.Release|Any CPU.Build.0 = Release|Any CPU
		{3FC6598C-C40E-4510-AAC6-58FCEE3AEF5A}.Release|Any CPU.Deploy.0 = Release|Any CPU
		{3FC6598C-C40E-4510-AAC6-58FCEE3AEF5A}.Release|ARM.ActiveCfg = Release|Any CPU
		{3FC6598C-C40E-4510-AAC6-58FCEE3AEF5A}.Release|ARM.Build.0 = Release|Any CPU
		{3FC6598C-C40E-4510-AAC6-58FCEE3AEF5A}.Release|ARM.Deploy.0 = Release|Any CPU
		{3FC6598C-C40E-4510-AAC6-58FCEE3AEF5A}.Release|iPhone.ActiveCfg = Release|Any CPU
		{3FC6598C-C40E-4510-AAC6-58FCEE3AEF5A}.Release|iPhone.Build.0 = Release|Any CPU
		{3FC6598C-C40E-4510-AAC6-58FCEE3AEF5A}.Release|iPhone.Deploy.0 = Release|Any CPU
		{3FC6598C-C40E-4510-AAC6-58FCEE3AEF5A}.Release|iPhoneSimulator.ActiveCfg = Release|Any CPU
		{3FC6598C-C40E-4510-AAC6-58FCEE3AEF5A}.Release|iPhoneSimulator.Build.0 = Release|Any CPU
		{3FC6598C-C40E-4510-AAC6-58FCEE3AEF5A}.Release|iPhoneSimulator.Deploy.0 = Release|Any CPU
		{3FC6598C-C40E-4510-AAC6-58FCEE3AEF5A}.Release|x64.ActiveCfg = Release|Any CPU
		{3FC6598C-C40E-4510-AAC6-58FCEE3AEF5A}.Release|x64.Build.0 = Release|Any CPU
		{3FC6598C-C40E-4510-AAC6-58FCEE3AEF5A}.Release|x64.Deploy.0 = Release|Any CPU
		{3FC6598C-C40E-4510-AAC6-58FCEE3AEF5A}.Release|x86.ActiveCfg = Release|Any CPU
		{3FC6598C-C40E-4510-AAC6-58FCEE3AEF5A}.Release|x86.Build.0 = Release|Any CPU
		{3FC6598C-C40E-4510-AAC6-58FCEE3AEF5A}.Release|x86.Deploy.0 = Release|Any CPU
		{222B6963-A4C0-4C8A-B337-990DF4CB9E40}.Debug|Any CPU.ActiveCfg = Debug|iPhone
		{222B6963-A4C0-4C8A-B337-990DF4CB9E40}.Debug|Any CPU.Build.0 = Debug|iPhone
		{222B6963-A4C0-4C8A-B337-990DF4CB9E40}.Debug|Any CPU.Deploy.0 = Debug|iPhone
		{222B6963-A4C0-4C8A-B337-990DF4CB9E40}.Debug|ARM.ActiveCfg = Debug|iPhoneSimulator
		{222B6963-A4C0-4C8A-B337-990DF4CB9E40}.Debug|ARM.Build.0 = Debug|iPhoneSimulator
		{222B6963-A4C0-4C8A-B337-990DF4CB9E40}.Debug|ARM.Deploy.0 = Debug|iPhoneSimulator
		{222B6963-A4C0-4C8A-B337-990DF4CB9E40}.Debug|iPhone.ActiveCfg = Debug|iPhone
		{222B6963-A4C0-4C8A-B337-990DF4CB9E40}.Debug|iPhone.Build.0 = Debug|iPhone
		{222B6963-A4C0-4C8A-B337-990DF4CB9E40}.Debug|iPhone.Deploy.0 = Debug|iPhone
		{222B6963-A4C0-4C8A-B337-990DF4CB9E40}.Debug|iPhoneSimulator.ActiveCfg = Debug|iPhoneSimulator
		{222B6963-A4C0-4C8A-B337-990DF4CB9E40}.Debug|iPhoneSimulator.Build.0 = Debug|iPhoneSimulator
		{222B6963-A4C0-4C8A-B337-990DF4CB9E40}.Debug|iPhoneSimulator.Deploy.0 = Debug|iPhoneSimulator
		{222B6963-A4C0-4C8A-B337-990DF4CB9E40}.Debug|x64.ActiveCfg = Debug|iPhone
		{222B6963-A4C0-4C8A-B337-990DF4CB9E40}.Debug|x64.Build.0 = Debug|iPhone
		{222B6963-A4C0-4C8A-B337-990DF4CB9E40}.Debug|x64.Deploy.0 = Debug|iPhone
		{222B6963-A4C0-4C8A-B337-990DF4CB9E40}.Debug|x86.ActiveCfg = Debug|iPhone
		{222B6963-A4C0-4C8A-B337-990DF4CB9E40}.Debug|x86.Build.0 = Debug|iPhone
		{222B6963-A4C0-4C8A-B337-990DF4CB9E40}.Debug|x86.Deploy.0 = Debug|iPhone
		{222B6963-A4C0-4C8A-B337-990DF4CB9E40}.Release|Any CPU.ActiveCfg = Release|iPhone
		{222B6963-A4C0-4C8A-B337-990DF4CB9E40}.Release|Any CPU.Build.0 = Release|iPhone
		{222B6963-A4C0-4C8A-B337-990DF4CB9E40}.Release|Any CPU.Deploy.0 = Release|iPhone
		{222B6963-A4C0-4C8A-B337-990DF4CB9E40}.Release|ARM.ActiveCfg = Release|iPhone
		{222B6963-A4C0-4C8A-B337-990DF4CB9E40}.Release|ARM.Build.0 = Release|iPhone
		{222B6963-A4C0-4C8A-B337-990DF4CB9E40}.Release|ARM.Deploy.0 = Release|iPhone
		{222B6963-A4C0-4C8A-B337-990DF4CB9E40}.Release|iPhone.ActiveCfg = Release|iPhone
		{222B6963-A4C0-4C8A-B337-990DF4CB9E40}.Release|iPhone.Build.0 = Release|iPhone
		{222B6963-A4C0-4C8A-B337-990DF4CB9E40}.Release|iPhone.Deploy.0 = Release|iPhone
		{222B6963-A4C0-4C8A-B337-990DF4CB9E40}.Release|iPhoneSimulator.ActiveCfg = Release|iPhoneSimulator
		{222B6963-A4C0-4C8A-B337-990DF4CB9E40}.Release|iPhoneSimulator.Build.0 = Release|iPhoneSimulator
		{222B6963-A4C0-4C8A-B337-990DF4CB9E40}.Release|iPhoneSimulator.Deploy.0 = Release|iPhoneSimulator
		{222B6963-A4C0-4C8A-B337-990DF4CB9E40}.Release|x64.ActiveCfg = Release|iPhone
		{222B6963-A4C0-4C8A-B337-990DF4CB9E40}.Release|x64.Build.0 = Release|iPhone
		{222B6963-A4C0-4C8A-B337-990DF4CB9E40}.Release|x64.Deploy.0 = Release|iPhone
		{222B6963-A4C0-4C8A-B337-990DF4CB9E40}.Release|x86.ActiveCfg = Release|iPhone
		{222B6963-A4C0-4C8A-B337-990DF4CB9E40}.Release|x86.Build.0 = Release|iPhone
		{222B6963-A4C0-4C8A-B337-990DF4CB9E40}.Release|x86.Deploy.0 = Release|iPhone
		{5009883A-0DF1-4097-9C93-4C3FB968DCC0}.Debug|Any CPU.ActiveCfg = Debug|Any CPU
		{5009883A-0DF1-4097-9C93-4C3FB968DCC0}.Debug|Any CPU.Build.0 = Debug|Any CPU
		{5009883A-0DF1-4097-9C93-4C3FB968DCC0}.Debug|Any CPU.Deploy.0 = Debug|Any CPU
		{5009883A-0DF1-4097-9C93-4C3FB968DCC0}.Debug|ARM.ActiveCfg = Debug|Any CPU
		{5009883A-0DF1-4097-9C93-4C3FB968DCC0}.Debug|ARM.Build.0 = Debug|Any CPU
		{5009883A-0DF1-4097-9C93-4C3FB968DCC0}.Debug|ARM.Deploy.0 = Debug|Any CPU
		{5009883A-0DF1-4097-9C93-4C3FB968DCC0}.Debug|iPhone.ActiveCfg = Debug|Any CPU
		{5009883A-0DF1-4097-9C93-4C3FB968DCC0}.Debug|iPhone.Build.0 = Debug|Any CPU
		{5009883A-0DF1-4097-9C93-4C3FB968DCC0}.Debug|iPhone.Deploy.0 = Debug|Any CPU
		{5009883A-0DF1-4097-9C93-4C3FB968DCC0}.Debug|iPhoneSimulator.ActiveCfg = Debug|Any CPU
		{5009883A-0DF1-4097-9C93-4C3FB968DCC0}.Debug|iPhoneSimulator.Build.0 = Debug|Any CPU
		{5009883A-0DF1-4097-9C93-4C3FB968DCC0}.Debug|iPhoneSimulator.Deploy.0 = Debug|Any CPU
		{5009883A-0DF1-4097-9C93-4C3FB968DCC0}.Debug|x64.ActiveCfg = Debug|Any CPU
		{5009883A-0DF1-4097-9C93-4C3FB968DCC0}.Debug|x64.Build.0 = Debug|Any CPU
		{5009883A-0DF1-4097-9C93-4C3FB968DCC0}.Debug|x64.Deploy.0 = Debug|Any CPU
		{5009883A-0DF1-4097-9C93-4C3FB968DCC0}.Debug|x86.ActiveCfg = Debug|Any CPU
		{5009883A-0DF1-4097-9C93-4C3FB968DCC0}.Debug|x86.Build.0 = Debug|Any CPU
		{5009883A-0DF1-4097-9C93-4C3FB968DCC0}.Debug|x86.Deploy.0 = Debug|Any CPU
		{5009883A-0DF1-4097-9C93-4C3FB968DCC0}.Release|Any CPU.ActiveCfg = Release|Any CPU
		{5009883A-0DF1-4097-9C93-4C3FB968DCC0}.Release|Any CPU.Build.0 = Release|Any CPU
		{5009883A-0DF1-4097-9C93-4C3FB968DCC0}.Release|Any CPU.Deploy.0 = Release|Any CPU
		{5009883A-0DF1-4097-9C93-4C3FB968DCC0}.Release|ARM.ActiveCfg = Release|Any CPU
		{5009883A-0DF1-4097-9C93-4C3FB968DCC0}.Release|ARM.Build.0 = Release|Any CPU
		{5009883A-0DF1-4097-9C93-4C3FB968DCC0}.Release|ARM.Deploy.0 = Release|Any CPU
		{5009883A-0DF1-4097-9C93-4C3FB968DCC0}.Release|iPhone.ActiveCfg = Release|Any CPU
		{5009883A-0DF1-4097-9C93-4C3FB968DCC0}.Release|iPhone.Build.0 = Release|Any CPU
		{5009883A-0DF1-4097-9C93-4C3FB968DCC0}.Release|iPhone.Deploy.0 = Release|Any CPU
		{5009883A-0DF1-4097-9C93-4C3FB968DCC0}.Release|iPhoneSimulator.ActiveCfg = Release|Any CPU
		{5009883A-0DF1-4097-9C93-4C3FB968DCC0}.Release|iPhoneSimulator.Build.0 = Release|Any CPU
		{5009883A-0DF1-4097-9C93-4C3FB968DCC0}.Release|iPhoneSimulator.Deploy.0 = Release|Any CPU
		{5009883A-0DF1-4097-9C93-4C3FB968DCC0}.Release|x64.ActiveCfg = Release|Any CPU
		{5009883A-0DF1-4097-9C93-4C3FB968DCC0}.Release|x64.Build.0 = Release|Any CPU
		{5009883A-0DF1-4097-9C93-4C3FB968DCC0}.Release|x64.Deploy.0 = Release|Any CPU
		{5009883A-0DF1-4097-9C93-4C3FB968DCC0}.Release|x86.ActiveCfg = Release|Any CPU
		{5009883A-0DF1-4097-9C93-4C3FB968DCC0}.Release|x86.Build.0 = Release|Any CPU
		{5009883A-0DF1-4097-9C93-4C3FB968DCC0}.Release|x86.Deploy.0 = Release|Any CPU
	EndGlobalSection
	GlobalSection(SolutionProperties) = preSolution
		HideSolutionNode = FALSE
	EndGlobalSection
	GlobalSection(ExtensibilityGlobals) = postSolution
		SolutionGuid = {87F90B4D-A65A-4DF4-9208-58AC5A41710E}
	EndGlobalSection
EndGlobal
