
Microsoft Visual Studio Solution File, Format Version 12.00
# Visual Studio Version 16
VisualStudioVersion = 16.0.28922.388
MinimumVisualStudioVersion = 10.0.40219.1
Project("{FAE04EC0-301F-11D3-BF4B-00C04F79EFBC}") = "TodoAPI", "TodoAPI\TodoAPI.csproj", "{278E1E96-74F4-4EB0-8DD2-06BC61BD8531}"
EndProject
Global
	GlobalSection(SolutionConfigurationPlatforms) = preSolution
		Debug|Any CPU = Debug|Any CPU
		Release|Any CPU = Release|Any CPU
	EndGlobalSection
	GlobalSection(ProjectConfigurationPlatforms) = postSolution
		{278E1E96-74F4-4EB0-8DD2-06BC61BD8531}.Debug|Any CPU.ActiveCfg = Debug|Any CPU
		{278E1E96-74F4-4EB0-8DD2-06BC61BD8531}.Debug|Any CPU.Build.0 = Debug|Any CPU
		{278E1E96-74F4-4EB0-8DD2-06BC61BD8531}.Release|Any CPU.ActiveCfg = Release|Any CPU
		{278E1E96-74F4-4EB0-8DD2-06BC61BD8531}.Release|Any CPU.Build.0 = Release|Any CPU
	EndGlobalSection
	GlobalSection(SolutionProperties) = preSolution
		HideSolutionNode = FALSE
	EndGlobalSection
	GlobalSection(ExtensibilityGlobals) = postSolution
		SolutionGuid = {2FB92CEE-1A8F-47D4-9FC0-143C3198856E}
	EndGlobalSection
EndGlobal
