
Microsoft Visual Studio Solution File, Format Version 12.00
# Visual Studio Version 16
VisualStudioVersion = 16.0.28922.388
MinimumVisualStudioVersion = 10.0.40219.1
Project("{FAE04EC0-301F-11D3-BF4B-00C04F79EFBC}") = "TodoASMX.Android", "TodoASMX\TodoASMX.Android\TodoASMX.Android.csproj", "{4319A0CB-9BF3-4A93-90A7-7B23FB2D6030}"
EndProject
Project("{FAE04EC0-301F-11D3-BF4B-00C04F79EFBC}") = "TodoASMX.iOS", "TodoASMX\TodoASMX.iOS\TodoASMX.iOS.csproj", "{B1AF4566-DA48-462A-B420-F6256A7345D7}"
EndProject
Project("{FAE04EC0-301F-11D3-BF4B-00C04F79EFBC}") = "TodoASMX", "TodoASMX\TodoASMX\TodoASMX.csproj", "{F8938891-2D9E-4515-885C-24970499500C}"
EndProject
Global
	GlobalSection(SolutionConfigurationPlatforms) = preSolution
		Debug|Any CPU = Debug|Any CPU
		Debug|iPhone = Debug|iPhone
		Debug|iPhoneSimulator = Debug|iPhoneSimulator
		Release|Any CPU = Release|Any CPU
		Release|iPhone = Release|iPhone
		Release|iPhoneSimulator = Release|iPhoneSimulator
	EndGlobalSection
	GlobalSection(ProjectConfigurationPlatforms) = postSolution
		{4319A0CB-9BF3-4A93-90A7-7B23FB2D6030}.Debug|Any CPU.ActiveCfg = Debug|Any CPU
		{4319A0CB-9BF3-4A93-90A7-7B23FB2D6030}.Debug|Any CPU.Build.0 = Debug|Any CPU
		{4319A0CB-9BF3-4A93-90A7-7B23FB2D6030}.Debug|Any CPU.Deploy.0 = Debug|Any CPU
		{4319A0CB-9BF3-4A93-90A7-7B23FB2D6030}.Debug|iPhone.ActiveCfg = Debug|Any CPU
		{4319A0CB-9BF3-4A93-90A7-7B23FB2D6030}.Debug|iPhone.Build.0 = Debug|Any CPU
		{4319A0CB-9BF3-4A93-90A7-7B23FB2D6030}.Debug|iPhone.Deploy.0 = Debug|Any CPU
		{4319A0CB-9BF3-4A93-90A7-7B23FB2D6030}.Debug|iPhoneSimulator.ActiveCfg = Debug|Any CPU
		{4319A0CB-9BF3-4A93-90A7-7B23FB2D6030}.Debug|iPhoneSimulator.Build.0 = Debug|Any CPU
		{4319A0CB-9BF3-4A93-90A7-7B23FB2D6030}.Debug|iPhoneSimulator.Deploy.0 = Debug|Any CPU
		{4319A0CB-9BF3-4A93-90A7-7B23FB2D6030}.Release|Any CPU.ActiveCfg = Release|Any CPU
		{4319A0CB-9BF3-4A93-90A7-7B23FB2D6030}.Release|Any CPU.Build.0 = Release|Any CPU
		{4319A0CB-9BF3-4A93-90A7-7B23FB2D6030}.Release|Any CPU.Deploy.0 = Release|Any CPU
		{4319A0CB-9BF3-4A93-90A7-7B23FB2D6030}.Release|iPhone.ActiveCfg = Release|Any CPU
		{4319A0CB-9BF3-4A93-90A7-7B23FB2D6030}.Release|iPhone.Build.0 = Release|Any CPU
		{4319A0CB-9BF3-4A93-90A7-7B23FB2D6030}.Release|iPhone.Deploy.0 = Release|Any CPU
		{4319A0CB-9BF3-4A93-90A7-7B23FB2D6030}.Release|iPhoneSimulator.ActiveCfg = Release|Any CPU
		{4319A0CB-9BF3-4A93-90A7-7B23FB2D6030}.Release|iPhoneSimulator.Build.0 = Release|Any CPU
		{4319A0CB-9BF3-4A93-90A7-7B23FB2D6030}.Release|iPhoneSimulator.Deploy.0 = Release|Any CPU
		{B1AF4566-DA48-462A-B420-F6256A7345D7}.Debug|Any CPU.ActiveCfg = Debug|iPhoneSimulator
		{B1AF4566-DA48-462A-B420-F6256A7345D7}.Debug|Any CPU.Build.0 = Debug|iPhoneSimulator
		{B1AF4566-DA48-462A-B420-F6256A7345D7}.Debug|Any CPU.Deploy.0 = Debug|iPhoneSimulator
		{B1AF4566-DA48-462A-B420-F6256A7345D7}.Debug|iPhone.ActiveCfg = Debug|iPhone
		{B1AF4566-DA48-462A-B420-F6256A7345D7}.Debug|iPhone.Build.0 = Debug|iPhone
		{B1AF4566-DA48-462A-B420-F6256A7345D7}.Debug|iPhone.Deploy.0 = Debug|iPhone
		{B1AF4566-DA48-462A-B420-F6256A7345D7}.Debug|iPhoneSimulator.ActiveCfg = Debug|iPhoneSimulator
		{B1AF4566-DA48-462A-B420-F6256A7345D7}.Debug|iPhoneSimulator.Build.0 = Debug|iPhoneSimulator
		{B1AF4566-DA48-462A-B420-F6256A7345D7}.Debug|iPhoneSimulator.Deploy.0 = Debug|iPhoneSimulator
		{B1AF4566-DA48-462A-B420-F6256A7345D7}.Release|Any CPU.ActiveCfg = Release|iPhone
		{B1AF4566-DA48-462A-B420-F6256A7345D7}.Release|Any CPU.Build.0 = Release|iPhone
		{B1AF4566-DA48-462A-B420-F6256A7345D7}.Release|Any CPU.Deploy.0 = Release|iPhone
		{B1AF4566-DA48-462A-B420-F6256A7345D7}.Release|iPhone.ActiveCfg = Release|iPhone
		{B1AF4566-DA48-462A-B420-F6256A7345D7}.Release|iPhone.Build.0 = Release|iPhone
		{B1AF4566-DA48-462A-B420-F6256A7345D7}.Release|iPhone.Deploy.0 = Release|iPhone
		{B1AF4566-DA48-462A-B420-F6256A7345D7}.Release|iPhoneSimulator.ActiveCfg = Release|iPhoneSimulator
		{B1AF4566-DA48-462A-B420-F6256A7345D7}.Release|iPhoneSimulator.Build.0 = Release|iPhoneSimulator
		{B1AF4566-DA48-462A-B420-F6256A7345D7}.Release|iPhoneSimulator.Deploy.0 = Release|iPhoneSimulator
		{F8938891-2D9E-4515-885C-24970499500C}.Debug|Any CPU.ActiveCfg = Debug|Any CPU
		{F8938891-2D9E-4515-885C-24970499500C}.Debug|Any CPU.Build.0 = Debug|Any CPU
		{F8938891-2D9E-4515-885C-24970499500C}.Debug|Any CPU.Deploy.0 = Debug|Any CPU
		{F8938891-2D9E-4515-885C-24970499500C}.Debug|iPhone.ActiveCfg = Debug|Any CPU
		{F8938891-2D9E-4515-885C-24970499500C}.Debug|iPhone.Build.0 = Debug|Any CPU
		{F8938891-2D9E-4515-885C-24970499500C}.Debug|iPhone.Deploy.0 = Debug|Any CPU
		{F8938891-2D9E-4515-885C-24970499500C}.Debug|iPhoneSimulator.ActiveCfg = Debug|Any CPU
		{F8938891-2D9E-4515-885C-24970499500C}.Debug|iPhoneSimulator.Build.0 = Debug|Any CPU
		{F8938891-2D9E-4515-885C-24970499500C}.Debug|iPhoneSimulator.Deploy.0 = Debug|Any CPU
		{F8938891-2D9E-4515-885C-24970499500C}.Release|Any CPU.ActiveCfg = Release|Any CPU
		{F8938891-2D9E-4515-885C-24970499500C}.Release|Any CPU.Build.0 = Release|Any CPU
		{F8938891-2D9E-4515-885C-24970499500C}.Release|Any CPU.Deploy.0 = Release|Any CPU
		{F8938891-2D9E-4515-885C-24970499500C}.Release|iPhone.ActiveCfg = Release|Any CPU
		{F8938891-2D9E-4515-885C-24970499500C}.Release|iPhone.Build.0 = Release|Any CPU
		{F8938891-2D9E-4515-885C-24970499500C}.Release|iPhone.Deploy.0 = Release|Any CPU
		{F8938891-2D9E-4515-885C-24970499500C}.Release|iPhoneSimulator.ActiveCfg = Release|Any CPU
		{F8938891-2D9E-4515-885C-24970499500C}.Release|iPhoneSimulator.Build.0 = Release|Any CPU
		{F8938891-2D9E-4515-885C-24970499500C}.Release|iPhoneSimulator.Deploy.0 = Release|Any CPU
	EndGlobalSection
	GlobalSection(SolutionProperties) = preSolution
		HideSolutionNode = FALSE
	EndGlobalSection
	GlobalSection(ExtensibilityGlobals) = postSolution
		SolutionGuid = {F00FEF7E-227E-4770-A5A2-C9B3A7C39ACB}
	EndGlobalSection
EndGlobal
