
Microsoft Visual Studio Solution File, Format Version 12.00
# Visual Studio Version 16
VisualStudioVersion = 16.0.30204.135
MinimumVisualStudioVersion = 10.0.40219.1
Project("{FAE04EC0-301F-11D3-BF4B-00C04F79EFBC}") = "WebServices", "WebServices\WebServices.csproj", "{62071ED9-B504-4750-9D4B-637AF5B5C544}"
EndProject
Global
	GlobalSection(SolutionConfigurationPlatforms) = preSolution
		Debug|Any CPU = Debug|Any CPU
		Release|Any CPU = Release|Any CPU
	EndGlobalSection
	GlobalSection(ProjectConfigurationPlatforms) = postSolution
		{62071ED9-B504-4750-9D4B-637AF5B5C544}.Debug|Any CPU.ActiveCfg = Debug|Any CPU
		{62071ED9-B504-4750-9D4B-637AF5B5C544}.Debug|Any CPU.Build.0 = Debug|Any CPU
		{62071ED9-B504-4750-9D4B-637AF5B5C544}.Release|Any CPU.ActiveCfg = Release|Any CPU
		{62071ED9-B504-4750-9D4B-637AF5B5C544}.Release|Any CPU.Build.0 = Release|Any CPU
	EndGlobalSection
	GlobalSection(SolutionProperties) = preSolution
		HideSolutionNode = FALSE
	EndGlobalSection
	GlobalSection(ExtensibilityGlobals) = postSolution
		SolutionGuid = {92D8452B-5F10-4EBD-ADA8-EFFDFBADF8E6}
	EndGlobalSection
EndGlobal
