
Microsoft Visual Studio Solution File, Format Version 12.00
# Visual Studio Version 16
VisualStudioVersion = 16.0.30204.135
MinimumVisualStudioVersion = 10.0.40219.1
Project("{FAE04EC0-301F-11D3-BF4B-00C04F79EFBC}") = "TallerModulo1.Android", "TallerModulo1.Android\TallerModulo1.Android.csproj", "{577CB8ED-80B2-4C47-9776-532A921634E8}"
EndProject
Project("{FAE04EC0-301F-11D3-BF4B-00C04F79EFBC}") = "TallerModulo1.iOS", "TallerModulo1.iOS\TallerModulo1.iOS.csproj", "{6B4CB724-E6CB-45E0-865F-4672C1A4634A}"
EndProject
Project("{FAE04EC0-301F-11D3-BF4B-00C04F79EFBC}") = "TallerModulo1", "TallerModulo1\TallerModulo1.csproj", "{2A3E7302-74A9-4242-84D3-79D07798E460}"
EndProject
Global
	GlobalSection(SolutionConfigurationPlatforms) = preSolution
		Debug|Any CPU = Debug|Any CPU
		Debug|iPhone = Debug|iPhone
		Debug|iPhoneSimulator = Debug|iPhoneSimulator
		Release|Any CPU = Release|Any CPU
		Release|iPhone = Release|iPhone
		Release|iPhoneSimulator = Release|iPhoneSimulator
	EndGlobalSection
	GlobalSection(ProjectConfigurationPlatforms) = postSolution
		{577CB8ED-80B2-4C47-9776-532A921634E8}.Debug|Any CPU.ActiveCfg = Debug|Any CPU
		{577CB8ED-80B2-4C47-9776-532A921634E8}.Debug|Any CPU.Build.0 = Debug|Any CPU
		{577CB8ED-80B2-4C47-9776-532A921634E8}.Debug|Any CPU.Deploy.0 = Debug|Any CPU
		{577CB8ED-80B2-4C47-9776-532A921634E8}.Debug|iPhone.ActiveCfg = Debug|Any CPU
		{577CB8ED-80B2-4C47-9776-532A921634E8}.Debug|iPhone.Build.0 = Debug|Any CPU
		{577CB8ED-80B2-4C47-9776-532A921634E8}.Debug|iPhone.Deploy.0 = Debug|Any CPU
		{577CB8ED-80B2-4C47-9776-532A921634E8}.Debug|iPhoneSimulator.ActiveCfg = Debug|Any CPU
		{577CB8ED-80B2-4C47-9776-532A921634E8}.Debug|iPhoneSimulator.Build.0 = Debug|Any CPU
		{577CB8ED-80B2-4C47-9776-532A921634E8}.Debug|iPhoneSimulator.Deploy.0 = Debug|Any CPU
		{577CB8ED-80B2-4C47-9776-532A921634E8}.Release|Any CPU.ActiveCfg = Release|Any CPU
		{577CB8ED-80B2-4C47-9776-532A921634E8}.Release|Any CPU.Build.0 = Release|Any CPU
		{577CB8ED-80B2-4C47-9776-532A921634E8}.Release|Any CPU.Deploy.0 = Release|Any CPU
		{577CB8ED-80B2-4C47-9776-532A921634E8}.Release|iPhone.ActiveCfg = Release|Any CPU
		{577CB8ED-80B2-4C47-9776-532A921634E8}.Release|iPhone.Build.0 = Release|Any CPU
		{577CB8ED-80B2-4C47-9776-532A921634E8}.Release|iPhone.Deploy.0 = Release|Any CPU
		{577CB8ED-80B2-4C47-9776-532A921634E8}.Release|iPhoneSimulator.ActiveCfg = Release|Any CPU
		{577CB8ED-80B2-4C47-9776-532A921634E8}.Release|iPhoneSimulator.Build.0 = Release|Any CPU
		{577CB8ED-80B2-4C47-9776-532A921634E8}.Release|iPhoneSimulator.Deploy.0 = Release|Any CPU
		{6B4CB724-E6CB-45E0-865F-4672C1A4634A}.Debug|Any CPU.ActiveCfg = Debug|iPhone
		{6B4CB724-E6CB-45E0-865F-4672C1A4634A}.Debug|Any CPU.Build.0 = Debug|iPhone
		{6B4CB724-E6CB-45E0-865F-4672C1A4634A}.Debug|Any CPU.Deploy.0 = Debug|iPhone
		{6B4CB724-E6CB-45E0-865F-4672C1A4634A}.Debug|iPhone.ActiveCfg = Debug|iPhone
		{6B4CB724-E6CB-45E0-865F-4672C1A4634A}.Debug|iPhone.Build.0 = Debug|iPhone
		{6B4CB724-E6CB-45E0-865F-4672C1A4634A}.Debug|iPhone.Deploy.0 = Debug|iPhone
		{6B4CB724-E6CB-45E0-865F-4672C1A4634A}.Debug|iPhoneSimulator.ActiveCfg = Debug|iPhoneSimulator
		{6B4CB724-E6CB-45E0-865F-4672C1A4634A}.Debug|iPhoneSimulator.Build.0 = Debug|iPhoneSimulator
		{6B4CB724-E6CB-45E0-865F-4672C1A4634A}.Debug|iPhoneSimulator.Deploy.0 = Debug|iPhoneSimulator
		{6B4CB724-E6CB-45E0-865F-4672C1A4634A}.Release|Any CPU.ActiveCfg = Release|iPhone
		{6B4CB724-E6CB-45E0-865F-4672C1A4634A}.Release|Any CPU.Build.0 = Release|iPhone
		{6B4CB724-E6CB-45E0-865F-4672C1A4634A}.Release|Any CPU.Deploy.0 = Release|iPhone
		{6B4CB724-E6CB-45E0-865F-4672C1A4634A}.Release|iPhone.ActiveCfg = Release|iPhone
		{6B4CB724-E6CB-45E0-865F-4672C1A4634A}.Release|iPhone.Build.0 = Release|iPhone
		{6B4CB724-E6CB-45E0-865F-4672C1A4634A}.Release|iPhone.Deploy.0 = Release|iPhone
		{6B4CB724-E6CB-45E0-865F-4672C1A4634A}.Release|iPhoneSimulator.ActiveCfg = Release|iPhoneSimulator
		{6B4CB724-E6CB-45E0-865F-4672C1A4634A}.Release|iPhoneSimulator.Build.0 = Release|iPhoneSimulator
		{6B4CB724-E6CB-45E0-865F-4672C1A4634A}.Release|iPhoneSimulator.Deploy.0 = Release|iPhoneSimulator
		{2A3E7302-74A9-4242-84D3-79D07798E460}.Debug|Any CPU.ActiveCfg = Debug|Any CPU
		{2A3E7302-74A9-4242-84D3-79D07798E460}.Debug|Any CPU.Build.0 = Debug|Any CPU
		{2A3E7302-74A9-4242-84D3-79D07798E460}.Debug|Any CPU.Deploy.0 = Debug|Any CPU
		{2A3E7302-74A9-4242-84D3-79D07798E460}.Debug|iPhone.ActiveCfg = Debug|Any CPU
		{2A3E7302-74A9-4242-84D3-79D07798E460}.Debug|iPhone.Build.0 = Debug|Any CPU
		{2A3E7302-74A9-4242-84D3-79D07798E460}.Debug|iPhone.Deploy.0 = Debug|Any CPU
		{2A3E7302-74A9-4242-84D3-79D07798E460}.Debug|iPhoneSimulator.ActiveCfg = Debug|Any CPU
		{2A3E7302-74A9-4242-84D3-79D07798E460}.Debug|iPhoneSimulator.Build.0 = Debug|Any CPU
		{2A3E7302-74A9-4242-84D3-79D07798E460}.Debug|iPhoneSimulator.Deploy.0 = Debug|Any CPU
		{2A3E7302-74A9-4242-84D3-79D07798E460}.Release|Any CPU.ActiveCfg = Release|Any CPU
		{2A3E7302-74A9-4242-84D3-79D07798E460}.Release|Any CPU.Build.0 = Release|Any CPU
		{2A3E7302-74A9-4242-84D3-79D07798E460}.Release|Any CPU.Deploy.0 = Release|Any CPU
		{2A3E7302-74A9-4242-84D3-79D07798E460}.Release|iPhone.ActiveCfg = Release|Any CPU
		{2A3E7302-74A9-4242-84D3-79D07798E460}.Release|iPhone.Build.0 = Release|Any CPU
		{2A3E7302-74A9-4242-84D3-79D07798E460}.Release|iPhone.Deploy.0 = Release|Any CPU
		{2A3E7302-74A9-4242-84D3-79D07798E460}.Release|iPhoneSimulator.ActiveCfg = Release|Any CPU
		{2A3E7302-74A9-4242-84D3-79D07798E460}.Release|iPhoneSimulator.Build.0 = Release|Any CPU
		{2A3E7302-74A9-4242-84D3-79D07798E460}.Release|iPhoneSimulator.Deploy.0 = Release|Any CPU
	EndGlobalSection
	GlobalSection(SolutionProperties) = preSolution
		HideSolutionNode = FALSE
	EndGlobalSection
	GlobalSection(ExtensibilityGlobals) = postSolution
		SolutionGuid = {1612C4BF-D0A9-4988-A006-899DD7771AE3}
	EndGlobalSection
EndGlobal
