
Microsoft Visual Studio Solution File, Format Version 12.00
# Visual Studio Version 16
VisualStudioVersion = 16.0.30204.135
MinimumVisualStudioVersion = 10.0.40219.1
Project("{FAE04EC0-301F-11D3-BF4B-00C04F79EFBC}") = "Camara1.Android", "Camara1.Android\Camara1.Android.csproj", "{B2BB6484-6928-40C4-B69E-814F76615F8F}"
EndProject
Project("{FAE04EC0-301F-11D3-BF4B-00C04F79EFBC}") = "Camara1.iOS", "Camara1.iOS\Camara1.iOS.csproj", "{BCDE22C6-66C5-47BA-9B69-1DF4906D114E}"
EndProject
Project("{FAE04EC0-301F-11D3-BF4B-00C04F79EFBC}") = "Camara1", "Camara1\Camara1.csproj", "{2C2823B5-3DCE-4CC1-86BF-CD2EA3F195BC}"
EndProject
Global
	GlobalSection(SolutionConfigurationPlatforms) = preSolution
		Debug|Any CPU = Debug|Any CPU
		Debug|iPhone = Debug|iPhone
		Debug|iPhoneSimulator = Debug|iPhoneSimulator
		Release|Any CPU = Release|Any CPU
		Release|iPhone = Release|iPhone
		Release|iPhoneSimulator = Release|iPhoneSimulator
	EndGlobalSection
	GlobalSection(ProjectConfigurationPlatforms) = postSolution
		{B2BB6484-6928-40C4-B69E-814F76615F8F}.Debug|Any CPU.ActiveCfg = Debug|Any CPU
		{B2BB6484-6928-40C4-B69E-814F76615F8F}.Debug|Any CPU.Build.0 = Debug|Any CPU
		{B2BB6484-6928-40C4-B69E-814F76615F8F}.Debug|Any CPU.Deploy.0 = Debug|Any CPU
		{B2BB6484-6928-40C4-B69E-814F76615F8F}.Debug|iPhone.ActiveCfg = Debug|Any CPU
		{B2BB6484-6928-40C4-B69E-814F76615F8F}.Debug|iPhone.Build.0 = Debug|Any CPU
		{B2BB6484-6928-40C4-B69E-814F76615F8F}.Debug|iPhone.Deploy.0 = Debug|Any CPU
		{B2BB6484-6928-40C4-B69E-814F76615F8F}.Debug|iPhoneSimulator.ActiveCfg = Debug|Any CPU
		{B2BB6484-6928-40C4-B69E-814F76615F8F}.Debug|iPhoneSimulator.Build.0 = Debug|Any CPU
		{B2BB6484-6928-40C4-B69E-814F76615F8F}.Debug|iPhoneSimulator.Deploy.0 = Debug|Any CPU
		{B2BB6484-6928-40C4-B69E-814F76615F8F}.Release|Any CPU.ActiveCfg = Release|Any CPU
		{B2BB6484-6928-40C4-B69E-814F76615F8F}.Release|Any CPU.Build.0 = Release|Any CPU
		{B2BB6484-6928-40C4-B69E-814F76615F8F}.Release|Any CPU.Deploy.0 = Release|Any CPU
		{B2BB6484-6928-40C4-B69E-814F76615F8F}.Release|iPhone.ActiveCfg = Release|Any CPU
		{B2BB6484-6928-40C4-B69E-814F76615F8F}.Release|iPhone.Build.0 = Release|Any CPU
		{B2BB6484-6928-40C4-B69E-814F76615F8F}.Release|iPhone.Deploy.0 = Release|Any CPU
		{B2BB6484-6928-40C4-B69E-814F76615F8F}.Release|iPhoneSimulator.ActiveCfg = Release|Any CPU
		{B2BB6484-6928-40C4-B69E-814F76615F8F}.Release|iPhoneSimulator.Build.0 = Release|Any CPU
		{B2BB6484-6928-40C4-B69E-814F76615F8F}.Release|iPhoneSimulator.Deploy.0 = Release|Any CPU
		{BCDE22C6-66C5-47BA-9B69-1DF4906D114E}.Debug|Any CPU.ActiveCfg = Debug|iPhone
		{BCDE22C6-66C5-47BA-9B69-1DF4906D114E}.Debug|Any CPU.Build.0 = Debug|iPhone
		{BCDE22C6-66C5-47BA-9B69-1DF4906D114E}.Debug|Any CPU.Deploy.0 = Debug|iPhone
		{BCDE22C6-66C5-47BA-9B69-1DF4906D114E}.Debug|iPhone.ActiveCfg = Debug|iPhone
		{BCDE22C6-66C5-47BA-9B69-1DF4906D114E}.Debug|iPhone.Build.0 = Debug|iPhone
		{BCDE22C6-66C5-47BA-9B69-1DF4906D114E}.Debug|iPhone.Deploy.0 = Debug|iPhone
		{BCDE22C6-66C5-47BA-9B69-1DF4906D114E}.Debug|iPhoneSimulator.ActiveCfg = Debug|iPhoneSimulator
		{BCDE22C6-66C5-47BA-9B69-1DF4906D114E}.Debug|iPhoneSimulator.Build.0 = Debug|iPhoneSimulator
		{BCDE22C6-66C5-47BA-9B69-1DF4906D114E}.Debug|iPhoneSimulator.Deploy.0 = Debug|iPhoneSimulator
		{BCDE22C6-66C5-47BA-9B69-1DF4906D114E}.Release|Any CPU.ActiveCfg = Release|iPhone
		{BCDE22C6-66C5-47BA-9B69-1DF4906D114E}.Release|Any CPU.Build.0 = Release|iPhone
		{BCDE22C6-66C5-47BA-9B69-1DF4906D114E}.Release|Any CPU.Deploy.0 = Release|iPhone
		{BCDE22C6-66C5-47BA-9B69-1DF4906D114E}.Release|iPhone.ActiveCfg = Release|iPhone
		{BCDE22C6-66C5-47BA-9B69-1DF4906D114E}.Release|iPhone.Build.0 = Release|iPhone
		{BCDE22C6-66C5-47BA-9B69-1DF4906D114E}.Release|iPhone.Deploy.0 = Release|iPhone
		{BCDE22C6-66C5-47BA-9B69-1DF4906D114E}.Release|iPhoneSimulator.ActiveCfg = Release|iPhoneSimulator
		{BCDE22C6-66C5-47BA-9B69-1DF4906D114E}.Release|iPhoneSimulator.Build.0 = Release|iPhoneSimulator
		{BCDE22C6-66C5-47BA-9B69-1DF4906D114E}.Release|iPhoneSimulator.Deploy.0 = Release|iPhoneSimulator
		{2C2823B5-3DCE-4CC1-86BF-CD2EA3F195BC}.Debug|Any CPU.ActiveCfg = Debug|Any CPU
		{2C2823B5-3DCE-4CC1-86BF-CD2EA3F195BC}.Debug|Any CPU.Build.0 = Debug|Any CPU
		{2C2823B5-3DCE-4CC1-86BF-CD2EA3F195BC}.Debug|Any CPU.Deploy.0 = Debug|Any CPU
		{2C2823B5-3DCE-4CC1-86BF-CD2EA3F195BC}.Debug|iPhone.ActiveCfg = Debug|Any CPU
		{2C2823B5-3DCE-4CC1-86BF-CD2EA3F195BC}.Debug|iPhone.Build.0 = Debug|Any CPU
		{2C2823B5-3DCE-4CC1-86BF-CD2EA3F195BC}.Debug|iPhone.Deploy.0 = Debug|Any CPU
		{2C2823B5-3DCE-4CC1-86BF-CD2EA3F195BC}.Debug|iPhoneSimulator.ActiveCfg = Debug|Any CPU
		{2C2823B5-3DCE-4CC1-86BF-CD2EA3F195BC}.Debug|iPhoneSimulator.Build.0 = Debug|Any CPU
		{2C2823B5-3DCE-4CC1-86BF-CD2EA3F195BC}.Debug|iPhoneSimulator.Deploy.0 = Debug|Any CPU
		{2C2823B5-3DCE-4CC1-86BF-CD2EA3F195BC}.Release|Any CPU.ActiveCfg = Release|Any CPU
		{2C2823B5-3DCE-4CC1-86BF-CD2EA3F195BC}.Release|Any CPU.Build.0 = Release|Any CPU
		{2C2823B5-3DCE-4CC1-86BF-CD2EA3F195BC}.Release|Any CPU.Deploy.0 = Release|Any CPU
		{2C2823B5-3DCE-4CC1-86BF-CD2EA3F195BC}.Release|iPhone.ActiveCfg = Release|Any CPU
		{2C2823B5-3DCE-4CC1-86BF-CD2EA3F195BC}.Release|iPhone.Build.0 = Release|Any CPU
		{2C2823B5-3DCE-4CC1-86BF-CD2EA3F195BC}.Release|iPhone.Deploy.0 = Release|Any CPU
		{2C2823B5-3DCE-4CC1-86BF-CD2EA3F195BC}.Release|iPhoneSimulator.ActiveCfg = Release|Any CPU
		{2C2823B5-3DCE-4CC1-86BF-CD2EA3F195BC}.Release|iPhoneSimulator.Build.0 = Release|Any CPU
		{2C2823B5-3DCE-4CC1-86BF-CD2EA3F195BC}.Release|iPhoneSimulator.Deploy.0 = Release|Any CPU
	EndGlobalSection
	GlobalSection(SolutionProperties) = preSolution
		HideSolutionNode = FALSE
	EndGlobalSection
	GlobalSection(ExtensibilityGlobals) = postSolution
		SolutionGuid = {30DBA2C5-4943-44CF-9370-27F51E96C0C2}
	EndGlobalSection
EndGlobal
